// !$*UTF8*$!
{
	archiveVersion = 1;
	classes = {
	};
	objectVersion = 50;
	objects = {

/* Begin PBXBuildFile section */
		C58D576224F5B85000FE01EC /* AppDelegate.swift in Sources */ = {isa = PBXBuildFile; fileRef = C58D576124F5B85000FE01EC /* AppDelegate.swift */; };
		C58D576424F5B85000FE01EC /* SceneDelegate.swift in Sources */ = {isa = PBXBuildFile; fileRef = C58D576324F5B85000FE01EC /* SceneDelegate.swift */; };
		C58D576624F5B85000FE01EC /* ViewController.swift in Sources */ = {isa = PBXBuildFile; fileRef = C58D576524F5B85000FE01EC /* ViewController.swift */; };
		C58D576924F5B85000FE01EC /* Main.storyboard in Resources */ = {isa = PBXBuildFile; fileRef = C58D576724F5B85000FE01EC /* Main.storyboard */; };
		C58D576B24F5B85500FE01EC /* Assets.xcassets in Resources */ = {isa = PBXBuildFile; fileRef = C58D576A24F5B85500FE01EC /* Assets.xcassets */; };
		C58D576E24F5B85500FE01EC /* LaunchScreen.storyboard in Resources */ = {isa = PBXBuildFile; fileRef = C58D576C24F5B85500FE01EC /* LaunchScreen.storyboard */; };
		C58D577624F5B89800FE01EC /* Question.swift in Sources */ = {isa = PBXBuildFile; fileRef = C58D577524F5B89800FE01EC /* Question.swift */; };
		C58D577824F5B91000FE01EC /* QuizModel.swift in Sources */ = {isa = PBXBuildFile; fileRef = C58D577724F5B91000FE01EC /* QuizModel.swift */; };
		C58D577A24F5BF0100FE01EC /* QuestionData.json in Resources */ = {isa = PBXBuildFile; fileRef = C58D577924F5BF0100FE01EC /* QuestionData.json */; };
		C58D577C24F6009600FE01EC /* ResultViewController.swift in Sources */ = {isa = PBXBuildFile; fileRef = C58D577B24F6009600FE01EC /* ResultViewController.swift */; };
/* End PBXBuildFile section */

/* Begin PBXFileReference section */
		C58D575E24F5B85000FE01EC /* QuizApp.app */ = {isa = PBXFileReference; explicitFileType = wrapper.application; includeInIndex = 0; path = QuizApp.app; sourceTree = BUILT_PRODUCTS_DIR; };
		C58D576124F5B85000FE01EC /* AppDelegate.swift */ = {isa = PBXFileReference; lastKnownFileType = sourcecode.swift; path = AppDelegate.swift; sourceTree = "<group>"; };
		C58D576324F5B85000FE01EC /* SceneDelegate.swift */ = {isa = PBXFileReference; lastKnownFileType = sourcecode.swift; path = SceneDelegate.swift; sourceTree = "<group>"; };
		C58D576524F5B85000FE01EC /* ViewController.swift */ = {isa = PBXFileReference; lastKnownFileType = sourcecode.swift; path = ViewController.swift; sourceTree = "<group>"; };
		C58D576824F5B85000FE01EC /* Base */ = {isa = PBXFileReference; lastKnownFileType = file.storyboard; name = Base; path = Base.lproj/Main.storyboard; sourceTree = "<group>"; };
		C58D576A24F5B85500FE01EC /* Assets.xcassets */ = {isa = PBXFileReference; lastKnownFileType = folder.assetcatalog; path = Assets.xcassets; sourceTree = "<group>"; };
		C58D576D24F5B85500FE01EC /* Base */ = {isa = PBXFileReference; lastKnownFileType = file.storyboard; name = Base; path = Base.lproj/LaunchScreen.storyboard; sourceTree = "<group>"; };
		C58D576F24F5B85500FE01EC /* Info.plist */ = {isa = PBXFileReference; lastKnownFileType = text.plist.xml; path = Info.plist; sourceTree = "<group>"; };
		C58D577524F5B89800FE01EC /* Question.swift */ = {isa = PBXFileReference; lastKnownFileType = sourcecode.swift; path = Question.swift; sourceTree = "<group>"; };
		C58D577724F5B91000FE01EC /* QuizModel.swift */ = {isa = PBXFileReference; lastKnownFileType = sourcecode.swift; path = QuizModel.swift; sourceTree = "<group>"; };
		C58D577924F5BF0100FE01EC /* QuestionData.json */ = {isa = PBXFileReference; fileEncoding = 4; lastKnownFileType = text.json; path = QuestionData.json; sourceTree = "<group>"; };
		C58D577B24F6009600FE01EC /* ResultViewController.swift */ = {isa = PBXFileReference; lastKnownFileType = sourcecode.swift; path = ResultViewController.swift; sourceTree = "<group>"; };
/* End PBXFileReference section */

/* Begin PBXFrameworksBuildPhase section */
		C58D575B24F5B85000FE01EC /* Frameworks */ = {
			isa = PBXFrameworksBuildPhase;
			buildActionMask = 2147483647;
			files = (
			);
			runOnlyForDeploymentPostprocessing = 0;
		};
/* End PBXFrameworksBuildPhase section */

/* Begin PBXGroup section */
		C58D575524F5B85000FE01EC = {
			isa = PBXGroup;
			children = (
				C58D576024F5B85000FE01EC /* QuizApp */,
				C58D575F24F5B85000FE01EC /* Products */,
			);
			sourceTree = "<group>";
		};
		C58D575F24F5B85000FE01EC /* Products */ = {
			isa = PBXGroup;
			children = (
				C58D575E24F5B85000FE01EC /* QuizApp.app */,
			);
			name = Products;
			sourceTree = "<group>";
		};
		C58D576024F5B85000FE01EC /* QuizApp */ = {
			isa = PBXGroup;
			children = (
				C58D576124F5B85000FE01EC /* AppDelegate.swift */,
				C58D576324F5B85000FE01EC /* SceneDelegate.swift */,
				C58D576524F5B85000FE01EC /* ViewController.swift */,
				C58D577B24F6009600FE01EC /* ResultViewController.swift */,
				C58D577524F5B89800FE01EC /* Question.swift */,
				C58D577924F5BF0100FE01EC /* QuestionData.json */,
				C58D577724F5B91000FE01EC /* QuizModel.swift */,
				C58D576724F5B85000FE01EC /* Main.storyboard */,
				C58D576A24F5B85500FE01EC /* Assets.xcassets */,
				C58D576C24F5B85500FE01EC /* LaunchScreen.storyboard */,
				C58D576F24F5B85500FE01EC /* Info.plist */,
			);
			path = QuizApp;
			sourceTree = "<group>";
		};
/* End PBXGroup section */

/* Begin PBXNativeTarget section */
		C58D575D24F5B85000FE01EC /* QuizApp */ = {
			isa = PBXNativeTarget;
			buildConfigurationList = C58D577224F5B85500FE01EC /* Build configuration list for PBXNativeTarget "QuizApp" */;
			buildPhases = (
				C58D575A24F5B85000FE01EC /* Sources */,
				C58D575B24F5B85000FE01EC /* Frameworks */,
				C58D575C24F5B85000FE01EC /* Resources */,
			);
			buildRules = (
			);
			dependencies = (
			);
			name = QuizApp;
			productName = QuizApp;
			productReference = C58D575E24F5B85000FE01EC /* QuizApp.app */;
			productType = "com.apple.product-type.application";
		};
/* End PBXNativeTarget section */

/* Begin PBXProject section */
		C58D575624F5B85000FE01EC /* Project object */ = {
			isa = PBXProject;
			attributes = {
				LastSwiftUpdateCheck = 1160;
				LastUpgradeCheck = 1160;
				ORGANIZATIONNAME = "Tianhui Zhou";
				TargetAttributes = {
					C58D575D24F5B85000FE01EC = {
						CreatedOnToolsVersion = 11.6;
					};
				};
			};
			buildConfigurationList = C58D575924F5B85000FE01EC /* Build configuration list for PBXProject "QuizApp" */;
			compatibilityVersion = "Xcode 9.3";
			developmentRegion = en;
			hasScannedForEncodings = 0;
			knownRegions = (
				en,
				Base,
			);
			mainGroup = C58D575524F5B85000FE01EC;
			productRefGroup = C58D575F24F5B85000FE01EC /* Products */;
			projectDirPath = "";
			projectRoot = "";
			targets = (
				C58D575D24F5B85000FE01EC /* QuizApp */,
			);
		};
/* End PBXProject section */

/* Begin PBXResourcesBuildPhase section */
		C58D575C24F5B85000FE01EC /* Resources */ = {
			isa = PBXResourcesBuildPhase;
			buildActionMask = 2147483647;
			files = (
				C58D576E24F5B85500FE01EC /* LaunchScreen.storyboard in Resources */,
				C58D576B24F5B85500FE01EC /* Assets.xcassets in Resources */,
				C58D576924F5B85000FE01EC /* Main.storyboard in Resources */,
				C58D577A24F5BF0100FE01EC /* QuestionData.json in Resources */,
			);
			runOnlyForDeploymentPostprocessing = 0;
		};
/* End PBXResourcesBuildPhase section */

/* Begin PBXSourcesBuildPhase section */
		C58D575A24F5B85000FE01EC /* Sources */ = {
			isa = PBXSourcesBuildPhase;
			buildActionMask = 2147483647;
			files = (
				C58D576624F5B85000FE01EC /* ViewController.swift in Sources */,
				C58D577624F5B89800FE01EC /* Question.swift in Sources */,
				C58D576224F5B85000FE01EC /* AppDelegate.swift in Sources */,
				C58D576424F5B85000FE01EC /* SceneDelegate.swift in Sources */,
				C58D577824F5B91000FE01EC /* QuizModel.swift in Sources */,
				C58D577C24F6009600FE01EC /* ResultViewController.swift in Sources */,
			);
			runOnlyForDeploymentPostprocessing = 0;
		};
/* End PBXSourcesBuildPhase section */

/* Begin PBXVariantGroup section */
		C58D576724F5B85000FE01EC /* Main.storyboard */ = {
			isa = PBXVariantGroup;
			children = (
				C58D576824F5B85000FE01EC /* Base */,
			);
			name = Main.storyboard;
			sourceTree = "<group>";
		};
		C58D576C24F5B85500FE01EC /* LaunchScreen.storyboard */ = {
			isa = PBXVariantGroup;
			children = (
				C58D576D24F5B85500FE01EC /* Base */,
			);
			name = LaunchScreen.storyboard;
			sourceTree = "<group>";
		};
/* End PBXVariantGroup section */

/* Begin XCBuildConfiguration section */
		C58D577024F5B85500FE01EC /* Debug */ = {
			isa = XCBuildConfiguration;
			buildSettings = {
				ALWAYS_SEARCH_USER_PATHS = NO;
				CLANG_ANALYZER_NONNULL = YES;
				CLANG_ANALYZER_NUMBER_OBJECT_CONVERSION = YES_AGGRESSIVE;
				CLANG_CXX_LANGUAGE_STANDARD = "gnu++14";
				CLANG_CXX_LIBRARY = "libc++";
				CLANG_ENABLE_MODULES = YES;
				CLANG_ENABLE_OBJC_ARC = YES;
				CLANG_ENABLE_OBJC_WEAK = YES;
				CLANG_WARN_BLOCK_CAPTURE_AUTORELEASING = YES;
				CLANG_WARN_BOOL_CONVERSION = YES;
				CLANG_WARN_COMMA = YES;
				CLANG_WARN_CONSTANT_CONVERSION = YES;
				CLANG_WARN_DEPRECATED_OBJC_IMPLEMENTATIONS = YES;
				CLANG_WARN_DIRECT_OBJC_ISA_USAGE = YES_ERROR;
				CLANG_WARN_DOCUMENTATION_COMMENTS = YES;
				CLANG_WARN_EMPTY_BODY = YES;
				CLANG_WARN_ENUM_CONVERSION = YES;
				CLANG_WARN_INFINITE_RECURSION = YES;
				CLANG_WARN_INT_CONVERSION = YES;
				CLANG_WARN_NON_LITERAL_NULL_CONVERSION = YES;
				CLANG_WARN_OBJC_IMPLICIT_RETAIN_SELF = YES;
				CLANG_WARN_OBJC_LITERAL_CONVERSION = YES;
				CLANG_WARN_OBJC_ROOT_CLASS = YES_ERROR;
				CLANG_WARN_RANGE_LOOP_ANALYSIS = YES;
				CLANG_WARN_STRICT_PROTOTYPES = YES;
				CLANG_WARN_SUSPICIOUS_MOVE = YES;
				CLANG_WARN_UNGUARDED_AVAILABILITY = YES_AGGRESSIVE;
				CLANG_WARN_UNREACHABLE_CODE = YES;
				CLANG_WARN__DUPLICATE_METHOD_MATCH = YES;
				COPY_PHASE_STRIP = NO;
				DEBUG_INFORMATION_FORMAT = dwarf;
				ENABLE_STRICT_OBJC_MSGSEND = YES;
				ENABLE_TESTABILITY = YES;
				GCC_C_LANGUAGE_STANDARD = gnu11;
				GCC_DYNAMIC_NO_PIC = NO;
				GCC_NO_COMMON_BLOCKS = YES;
				GCC_OPTIMIZATION_LEVEL = 0;
				GCC_PREPROCESSOR_DEFINITIONS = (
					"DEBUG=1",
					"$(inherited)",
				);
				GCC_WARN_64_TO_32_BIT_CONVERSION = YES;
				GCC_WARN_ABOUT_RETURN_TYPE = YES_ERROR;
				GCC_WARN_UNDECLARED_SELECTOR = YES;
				GCC_WARN_UNINITIALIZED_AUTOS = YES_AGGRESSIVE;
				GCC_WARN_UNUSED_FUNCTION = YES;
				GCC_WARN_UNUSED_VARIABLE = YES;
				IPHONEOS_DEPLOYMENT_TARGET = 13.6;
				MTL_ENABLE_DEBUG_INFO = INCLUDE_SOURCE;
				MTL_FAST_MATH = YES;
				ONLY_ACTIVE_ARCH = YES;
				SDKROOT = iphoneos;
				SWIFT_ACTIVE_COMPILATION_CONDITIONS = DEBUG;
				SWIFT_OPTIMIZATION_LEVEL = "-Onone";
			};
			name = Debug;
		};
		C58D577124F5B85500FE01EC /* Release */ = {
			isa = XCBuildConfiguration;
			buildSettings = {
				ALWAYS_SEARCH_USER_PATHS = NO;
				CLANG_ANALYZER_NONNULL = YES;
				CLANG_ANALYZER_NUMBER_OBJECT_CONVERSION = YES_AGGRESSIVE;
				CLANG_CXX_LANGUAGE_STANDARD = "gnu++14";
				CLANG_CXX_LIBRARY = "libc++";
				CLANG_ENABLE_MODULES = YES;
				CLANG_ENABLE_OBJC_ARC = YES;
				CLANG_ENABLE_OBJC_WEAK = YES;
				CLANG_WARN_BLOCK_CAPTURE_AUTORELEASING = YES;
				CLANG_WARN_BOOL_CONVERSION = YES;
				CLANG_WARN_COMMA = YES;
				CLANG_WARN_CONSTANT_CONVERSION = YES;
				CLANG_WARN_DEPRECATED_OBJC_IMPLEMENTATIONS = YES;
				CLANG_WARN_DIRECT_OBJC_ISA_USAGE = YES_ERROR;
				CLANG_WARN_DOCUMENTATION_COMMENTS = YES;
				CLANG_WARN_EMPTY_BODY = YES;
				CLANG_WARN_ENUM_CONVERSION = YES;
				CLANG_WARN_INFINITE_RECURSION = YES;
				CLANG_WARN_INT_CONVERSION = YES;
				CLANG_WARN_NON_LITERAL_NULL_CONVERSION = YES;
				CLANG_WARN_OBJC_IMPLICIT_RETAIN_SELF = YES;
				CLANG_WARN_OBJC_LITERAL_CONVERSION = YES;
				CLANG_WARN_OBJC_ROOT_CLASS = YES_ERROR;
				CLANG_WARN_RANGE_LOOP_ANALYSIS = YES;
				CLANG_WARN_STRICT_PROTOTYPES = YES;
				CLANG_WARN_SUSPICIOUS_MOVE = YES;
				CLANG_WARN_UNGUARDED_AVAILABILITY = YES_AGGRESSIVE;
				CLANG_WARN_UNREACHABLE_CODE = YES;
				CLANG_WARN__DUPLICATE_METHOD_MATCH = YES;
				COPY_PHASE_STRIP = NO;
				DEBUG_INFORMATION_FORMAT = "dwarf-with-dsym";
				ENABLE_NS_ASSERTIONS = NO;
				ENABLE_STRICT_OBJC_MSGSEND = YES;
				GCC_C_LANGUAGE_STANDARD = gnu11;
				GCC_NO_COMMON_BLOCKS = YES;
				GCC_WARN_64_TO_32_BIT_CONVERSION = YES;
				GCC_WARN_ABOUT_RETURN_TYPE = YES_ERROR;
				GCC_WARN_UNDECLARED_SELECTOR = YES;
				GCC_WARN_UNINITIALIZED_AUTOS = YES_AGGRESSIVE;
				GCC_WARN_UNUSED_FUNCTION = YES;
				GCC_WARN_UNUSED_VARIABLE = YES;
				IPHONEOS_DEPLOYMENT_TARGET = 13.6;
				MTL_ENABLE_DEBUG_INFO = NO;
				MTL_FAST_MATH = YES;
				SDKROOT = iphoneos;
				SWIFT_COMPILATION_MODE = wholemodule;
				SWIFT_OPTIMIZATION_LEVEL = "-O";
				VALIDATE_PRODUCT = YES;
			};
			name = Release;
		};
		C58D577324F5B85500FE01EC /* Debug */ = {
			isa = XCBuildConfiguration;
			buildSettings = {
				ASSETCATALOG_COMPILER_APPICON_NAME = AppIcon;
				CODE_SIGN_STYLE = Automatic;
				DEVELOPMENT_TEAM = K437L26D6M;
				INFOPLIST_FILE = QuizApp/Info.plist;
				IPHONEOS_DEPLOYMENT_TARGET = 13.5;
				LD_RUNPATH_SEARCH_PATHS = (
					"$(inherited)",
					"@executable_path/Frameworks",
				);
				PRODUCT_BUNDLE_IDENTIFIER = com.Bobbyz.QuizApp;
				PRODUCT_NAME = "$(TARGET_NAME)";
				SWIFT_VERSION = 5.0;
				TARGETED_DEVICE_FAMILY = "1,2";
			};
			name = Debug;
		};
		C58D577424F5B85500FE01EC /* Release */ = {
			isa = XCBuildConfiguration;
			buildSettings = {
				ASSETCATALOG_COMPILER_APPICON_NAME = AppIcon;
				CODE_SIGN_STYLE = Automatic;
				DEVELOPMENT_TEAM = K437L26D6M;
				INFOPLIST_FILE = QuizApp/Info.plist;
				IPHONEOS_DEPLOYMENT_TARGET = 13.5;
				LD_RUNPATH_SEARCH_PATHS = (
					"$(inherited)",
					"@executable_path/Frameworks",
				);
				PRODUCT_BUNDLE_IDENTIFIER = com.Bobbyz.QuizApp;
				PRODUCT_NAME = "$(TARGET_NAME)";
				SWIFT_VERSION = 5.0;
				TARGETED_DEVICE_FAMILY = "1,2";
			};
			name = Release;
		};
/* End XCBuildConfiguration section */

/* Begin XCConfigurationList section */
		C58D575924F5B85000FE01EC /* Build configuration list for PBXProject "QuizApp" */ = {
			isa = XCConfigurationList;
			buildConfigurations = (
				C58D577024F5B85500FE01EC /* Debug */,
				C58D577124F5B85500FE01EC /* Release */,
			);
			defaultConfigurationIsVisible = 0;
			defaultConfigurationName = Release;
		};
		C58D577224F5B85500FE01EC /* Build configuration list for PBXNativeTarget "QuizApp" */ = {
			isa = XCConfigurationList;
			buildConfigurations = (
				C58D577324F5B85500FE01EC /* Debug */,
				C58D577424F5B85500FE01EC /* Release */,
			);
			defaultConfigurationIsVisible = 0;
			defaultConfigurationName = Release;
		};
/* End XCConfigurationList section */
	};
	rootObject = C58D575624F5B85000FE01EC /* Project object */;
}
